
Microsoft Visual Studio Solution File, Format Version 12.00
# Visual Studio Version 17
VisualStudioVersion = 17.5.33424.131
MinimumVisualStudioVersion = 10.0.40219.1
Project("{FAE04EC0-301F-11D3-BF4B-00C04F79EFBC}") = "Hacka.Server", "Hacka\Server\Hacka.Server.csproj", "{34D6C070-6331-4720-9B7C-4A81EBB75057}"
EndProject
Project("{FAE04EC0-301F-11D3-BF4B-00C04F79EFBC}") = "Hacka.Client", "Hacka\Client\Hacka.Client.csproj", "{D52E0487-482A-482A-A999-839DF925219B}"
EndProject
Project("{FAE04EC0-301F-11D3-BF4B-00C04F79EFBC}") = "Hacka.Shared", "Hacka\Shared\Hacka.Shared.csproj", "{C1C7ADA1-3183-427A-84FB-4ECB28F0E559}"
EndProject
Global
	GlobalSection(SolutionConfigurationPlatforms) = preSolution
		Debug|Any CPU = Debug|Any CPU
		Release|Any CPU = Release|Any CPU
	EndGlobalSection
	GlobalSection(ProjectConfigurationPlatforms) = postSolution
		{34D6C070-6331-4720-9B7C-4A81EBB75057}.Debug|Any CPU.ActiveCfg = Debug|Any CPU
		{34D6C070-6331-4720-9B7C-4A81EBB75057}.Debug|Any CPU.Build.0 = Debug|Any CPU
		{34D6C070-6331-4720-9B7C-4A81EBB75057}.Release|Any CPU.ActiveCfg = Release|Any CPU
		{34D6C070-6331-4720-9B7C-4A81EBB75057}.Release|Any CPU.Build.0 = Release|Any CPU
		{D52E0487-482A-482A-A999-839DF925219B}.Debug|Any CPU.ActiveCfg = Debug|Any CPU
		{D52E0487-482A-482A-A999-839DF925219B}.Debug|Any CPU.Build.0 = Debug|Any CPU
		{D52E0487-482A-482A-A999-839DF925219B}.Release|Any CPU.ActiveCfg = Release|Any CPU
		{D52E0487-482A-482A-A999-839DF925219B}.Release|Any CPU.Build.0 = Release|Any CPU
		{C1C7ADA1-3183-427A-84FB-4ECB28F0E559}.Debug|Any CPU.ActiveCfg = Debug|Any CPU
		{C1C7ADA1-3183-427A-84FB-4ECB28F0E559}.Debug|Any CPU.Build.0 = Debug|Any CPU
		{C1C7ADA1-3183-427A-84FB-4ECB28F0E559}.Release|Any CPU.ActiveCfg = Release|Any CPU
		{C1C7ADA1-3183-427A-84FB-4ECB28F0E559}.Release|Any CPU.Build.0 = Release|Any CPU
	EndGlobalSection
	GlobalSection(SolutionProperties) = preSolution
		HideSolutionNode = FALSE
	EndGlobalSection
	GlobalSection(ExtensibilityGlobals) = postSolution
		SolutionGuid = {3B92569B-9A20-4C93-8CA1-101CD9EAECF9}
	EndGlobalSection
EndGlobal
